{
  "requires": true,
  "lockfileVersion": 1,
  "dependencies": {
    "@kanety/jquery-simple-lightbox": {
      "version": "0.1.1",
      "resolved": "https://registry.npmjs.org/@kanety/jquery-simple-lightbox/-/jquery-simple-lightbox-0.1.1.tgz",
      "integrity": "sha512-V+RhoTWwOoUbcFlZYWP+YpHHUB5M4YA4rwuoMsbpsT/ZZcoz/e7DDzcW0DbdRUxVQ0nVswAHNXB1PBuzHsiBSA==",
      "requires": {
        "jquery": "^3.3.1"
      }
    },
    "jquery": {
      "version": "3.4.1",
      "resolved": "https://registry.npmjs.org/jquery/-/jquery-3.4.1.tgz",
      "integrity": "sha512-36+AdBzCL+y6qjw5Tx7HgzeGCzC81MDDgaUP8ld2zhx58HdqXGoBd+tHdrBMiyjGQs0Hxs/MLZTu/eHNJJuWPw=="
    }
  }
}
